
Microsoft Visual Studio Solution File, Format Version 12.00
# Visual Studio Version 16
VisualStudioVersion = 16.0.30711.63
MinimumVisualStudioVersion = 10.0.40219.1
Project("{FAE04EC0-301F-11D3-BF4B-00C04F79EFBC}") = "Lista1POOex3", "Lista1POOex3\Lista1POOex3.csproj", "{9E2D5358-6987-41B3-8845-96073C7E54D2}"
EndProject
Global
	GlobalSection(SolutionConfigurationPlatforms) = preSolution
		Debug|Any CPU = Debug|Any CPU
		Release|Any CPU = Release|Any CPU
	EndGlobalSection
	GlobalSection(ProjectConfigurationPlatforms) = postSolution
		{9E2D5358-6987-41B3-8845-96073C7E54D2}.Debug|Any CPU.ActiveCfg = Debug|Any CPU
		{9E2D5358-6987-41B3-8845-96073C7E54D2}.Debug|Any CPU.Build.0 = Debug|Any CPU
		{9E2D5358-6987-41B3-8845-96073C7E54D2}.Release|Any CPU.ActiveCfg = Release|Any CPU
		{9E2D5358-6987-41B3-8845-96073C7E54D2}.Release|Any CPU.Build.0 = Release|Any CPU
	EndGlobalSection
	GlobalSection(SolutionProperties) = preSolution
		HideSolutionNode = FALSE
	EndGlobalSection
	GlobalSection(ExtensibilityGlobals) = postSolution
		SolutionGuid = {8D69337E-B05F-4A1B-BE06-7F54F5AEB665}
	EndGlobalSection
EndGlobal
